
Microsoft Visual Studio Solution File, Format Version 12.00
# Visual Studio Version 16
VisualStudioVersion = 16.0.31702.278
MinimumVisualStudioVersion = 10.0.40219.1
Project("{FAE04EC0-301F-11D3-BF4B-00C04F79EFBC}") = "Calculadora", "Calculadora\Calculadora.csproj", "{E0955670-8050-4E90-B25A-1455EB5B0AEA}"
EndProject
Global
	GlobalSection(SolutionConfigurationPlatforms) = preSolution
		Debug|Any CPU = Debug|Any CPU
		Release|Any CPU = Release|Any CPU
	EndGlobalSection
	GlobalSection(ProjectConfigurationPlatforms) = postSolution
		{E0955670-8050-4E90-B25A-1455EB5B0AEA}.Debug|Any CPU.ActiveCfg = Debug|Any CPU
		{E0955670-8050-4E90-B25A-1455EB5B0AEA}.Debug|Any CPU.Build.0 = Debug|Any CPU
		{E0955670-8050-4E90-B25A-1455EB5B0AEA}.Release|Any CPU.ActiveCfg = Release|Any CPU
		{E0955670-8050-4E90-B25A-1455EB5B0AEA}.Release|Any CPU.Build.0 = Release|Any CPU
	EndGlobalSection
	GlobalSection(SolutionProperties) = preSolution
		HideSolutionNode = FALSE
	EndGlobalSection
	GlobalSection(ExtensibilityGlobals) = postSolution
		SolutionGuid = {6563DC56-E193-4C81-A6C4-3254619D1868}
	EndGlobalSection
EndGlobal
